PODS:
  - Flutter (1.0.0)
  - FlutterPluginRegistrant (0.0.1):
    - Flutter
    - geocoding_ios
    - geolocator_apple
    - integration_test
    - isar_flutter_libs
    - path_provider_foundation
  - geocoding_ios (1.0.5):
    - Flutter
  - geolocator_apple (1.2.0):
    - Flutter
  - integration_test (0.0.1):
    - Flutter
  - isar_flutter_libs (1.0.0):
    - Flutter
  - path_provider_foundation (0.0.1):
    - Flutter
    - FlutterMacOS

DEPENDENCIES:
  - Flutter (from `../flutter_module/.ios/Flutter`)
  - FlutterPluginRegistrant (from `../flutter_module/.ios/Flutter/FlutterPluginRegistrant`)
  - geocoding_ios (from `../flutter_module/.ios/.symlinks/plugins/geocoding_ios/ios`)
  - geolocator_apple (from `../flutter_module/.ios/.symlinks/plugins/geolocator_apple/ios`)
  - integration_test (from `../flutter_module/.ios/.symlinks/plugins/integration_test/ios`)
  - isar_flutter_libs (from `../flutter_module/.ios/.symlinks/plugins/isar_flutter_libs/ios`)
  - path_provider_foundation (from `../flutter_module/.ios/.symlinks/plugins/path_provider_foundation/darwin`)

EXTERNAL SOURCES:
  Flutter:
    :path: "../flutter_module/.ios/Flutter"
  FlutterPluginRegistrant:
    :path: "../flutter_module/.ios/Flutter/FlutterPluginRegistrant"
  geocoding_ios:
    :path: "../flutter_module/.ios/.symlinks/plugins/geocoding_ios/ios"
  geolocator_apple:
    :path: "../flutter_module/.ios/.symlinks/plugins/geolocator_apple/ios"
  integration_test:
    :path: "../flutter_module/.ios/.symlinks/plugins/integration_test/ios"
  isar_flutter_libs:
    :path: "../flutter_module/.ios/.symlinks/plugins/isar_flutter_libs/ios"
  path_provider_foundation:
    :path: "../flutter_module/.ios/.symlinks/plugins/path_provider_foundation/darwin"

SPEC CHECKSUMS:
  Flutter: f04841e97a9d0b0a8025694d0796dd46242b2854
  FlutterPluginRegistrant: 35f386159bba1bdbf2581f3c2e4839d82a16f99c
  geocoding_ios: a389ea40f6f548de6e63006a2e31bf66ff80769a
  geolocator_apple: cc556e6844d508c95df1e87e3ea6fa4e58c50401
  integration_test: 13825b8a9334a850581300559b8839134b124670
  isar_flutter_libs: b69f437aeab9c521821c3f376198c4371fa21073
  path_provider_foundation: 29f094ae23ebbca9d3d0cec13889cd9060c0e943

PODFILE CHECKSUM: 2f3147fa83c7ed040d758ab9aae85fc1d1c5b3bb

COCOAPODS: 1.14.3
